{
  "name": "voxel-engine",
  "version": "1.0.0",
  "lockfileVersion": 3,
  "requires": true,
  "packages": {
    "": {
      "name": "voxel-engine",
      "version": "1.0.0",
      "license": "ISC",
      "dependencies": {
        "esbuild": "^0.9.6",
        "three": "^0.125.2",
        "typescript": "3.8.3"
      },
      "devDependencies": {
        "@types/node": "^13.13.15",
        "@types/three": "^0.126.1"
      }
    },
    "node_modules/@types/node": {
      "version": "13.13.15",
      "resolved": "https://registry.npmjs.org/@types/node/-/node-13.13.15.tgz",
      "integrity": "sha512-kwbcs0jySLxzLsa2nWUAGOd/s21WU1jebrEdtzhsj1D4Yps1EOuyI1Qcu+FD56dL7NRNIJtDDjcqIG22NwkgLw==",
      "dev": true
    },
    "node_modules/@types/three": {
      "version": "0.126.1",
      "resolved": "https://registry.npmjs.org/@types/three/-/three-0.126.1.tgz",
      "integrity": "sha512-GR7e3d9CYYmwIR3HDiRZDFpoHIp2Vg5IbULcIjL296C8VbjruGwJ7Br1GTBkslEVfkezKrtJTf7KuqoIt3oYTg==",
      "dev": true
    },
    "node_modules/esbuild": {
      "version": "0.9.6",
      "resolved": "https://registry.npmjs.org/esbuild/-/esbuild-0.9.6.tgz",
      "integrity": "sha512-F6vASxU0wT/Davt9aj2qtDwDNSkQxh9VbyO56M7PDWD+D/Vgq/rmUDGDQo7te76W5auauVojjnQr/wTu3vpaUA==",
      "hasInstallScript": true,
      "bin": {
        "esbuild": "bin/esbuild"
      }
    },
    "node_modules/three": {
      "version": "0.125.2",
      "resolved": "https://registry.npmjs.org/three/-/three-0.125.2.tgz",
      "integrity": "sha512-7rIRO23jVKWcAPFdW/HREU2NZMGWPBZ4XwEMt0Ak0jwLUKVJhcKM55eCBWyGZq/KiQbeo1IeuAoo/9l2dzhTXA=="
    },
    "node_modules/typescript": {
      "version": "3.8.3",
      "resolved": "https://registry.npmjs.org/typescript/-/typescript-3.8.3.tgz",
      "integrity": "sha512-MYlEfn5VrLNsgudQTVJeNaQFUAI7DkhnOjdpAp4T+ku1TfQClewlbSuTVHiA+8skNBgaf02TL/kLOvig4y3G8w==",
      "bin": {
        "tsc": "bin/tsc",
        "tsserver": "bin/tsserver"
      },
      "engines": {
        "node": ">=4.2.0"
      }
    }
  }
}
